version: 6
environments:
  default:
    channels:
    - url: https://conda.anaconda.org/conda-forge/
    packages:
      osx-arm64:
      - conda: https://conda.anaconda.org/conda-forge/osx-arm64/bzip2-1.0.8-h99b78c6_7.conda
      - conda: https://conda.anaconda.org/conda-forge/osx-arm64/ca-certificates-2025.1.31-hf0a4a13_0.conda
      - conda: https://conda.anaconda.org/conda-forge/osx-arm64/libexpat-2.7.0-h286801f_0.conda
      - conda: https://conda.anaconda.org/conda-forge/osx-arm64/libffi-3.4.6-h1da3d7d_1.conda
      - conda: https://conda.anaconda.org/conda-forge/osx-arm64/liblzma-5.6.4-h39f12f2_0.conda
      - conda: https://conda.anaconda.org/conda-forge/osx-arm64/libmpdec-4.0.0-h99b78c6_0.conda
      - conda: https://conda.anaconda.org/conda-forge/osx-arm64/libsqlite-3.49.1-h3f77e49_2.conda
      - conda: https://conda.anaconda.org/conda-forge/osx-arm64/libzlib-1.3.1-h8359307_2.conda
      - conda: https://conda.anaconda.org/conda-forge/osx-arm64/ncurses-6.5-h5e97a16_3.conda
      - conda: https://conda.anaconda.org/conda-forge/osx-arm64/openssl-3.4.1-h81ee809_0.conda
      - conda: https://conda.anaconda.org/conda-forge/osx-arm64/python-3.13.2-h81fe080_101_cp313.conda
      - conda: https://conda.anaconda.org/conda-forge/osx-arm64/python_abi-3.13-5_cp313.conda
      - conda: https://conda.anaconda.org/conda-forge/osx-arm64/readline-8.2-h1d1bf99_2.conda
      - conda: https://conda.anaconda.org/conda-forge/osx-arm64/tk-8.6.13-h5083fa2_1.conda
      - conda: https://conda.anaconda.org/conda-forge/noarch/tzdata-2025b-h78e105d_0.conda
  ruby:
    channels:
    - url: https://conda.anaconda.org/conda-forge/
    packages:
      osx-arm64:
      - conda: https://conda.anaconda.org/conda-forge/osx-arm64/bzip2-1.0.8-h99b78c6_7.conda
      - conda: https://conda.anaconda.org/conda-forge/osx-arm64/c-compiler-1.9.0-hdf49b6b_0.conda
      - conda: https://conda.anaconda.org/conda-forge/osx-arm64/ca-certificates-2025.1.31-hf0a4a13_0.conda
      - conda: https://conda.anaconda.org/conda-forge/osx-arm64/cctools-1010.6-hb4fb6a3_4.conda
      - conda: https://conda.anaconda.org/conda-forge/osx-arm64/cctools_osx-arm64-1010.6-h3b4f5d3_4.conda
      - conda: https://conda.anaconda.org/conda-forge/osx-arm64/clang-18-18.1.8-default_hf90f093_8.conda
      - conda: https://conda.anaconda.org/conda-forge/osx-arm64/clang-18.1.8-default_h474c9e2_8.conda
      - conda: https://conda.anaconda.org/conda-forge/osx-arm64/clang_impl_osx-arm64-18.1.8-h2ae9ea5_24.conda
      - conda: https://conda.anaconda.org/conda-forge/osx-arm64/clang_osx-arm64-18.1.8-h07b0088_24.conda
      - conda: https://conda.anaconda.org/conda-forge/osx-arm64/clangxx-18.1.8-default_h1ffe849_8.conda
      - conda: https://conda.anaconda.org/conda-forge/osx-arm64/clangxx_impl_osx-arm64-18.1.8-h555f467_24.conda
      - conda: https://conda.anaconda.org/conda-forge/osx-arm64/clangxx_osx-arm64-18.1.8-h07b0088_24.conda
      - conda: https://conda.anaconda.org/conda-forge/osx-arm64/compiler-rt-18.1.8-h856b3c1_1.conda
      - conda: https://conda.anaconda.org/conda-forge/noarch/compiler-rt_osx-arm64-18.1.8-h832e737_1.conda
      - conda: https://conda.anaconda.org/conda-forge/osx-arm64/compilers-1.9.0-hce30654_0.conda
      - conda: https://conda.anaconda.org/conda-forge/osx-arm64/cxx-compiler-1.9.0-hba80287_0.conda
      - conda: https://conda.anaconda.org/conda-forge/osx-arm64/fortran-compiler-1.9.0-h5692697_0.conda
      - conda: https://conda.anaconda.org/conda-forge/osx-arm64/gettext-0.23.1-h3dcc1bd_0.conda
      - conda: https://conda.anaconda.org/conda-forge/osx-arm64/gettext-tools-0.23.1-h493aca8_0.conda
      - conda: https://conda.anaconda.org/conda-forge/osx-arm64/gfortran-13.3.0-h3ef1dbf_1.conda
      - conda: https://conda.anaconda.org/conda-forge/osx-arm64/gfortran_impl_osx-arm64-13.3.0-h0045e9c_1.conda
      - conda: https://conda.anaconda.org/conda-forge/osx-arm64/gfortran_osx-arm64-13.3.0-h3c33bd0_1.conda
      - conda: https://conda.anaconda.org/conda-forge/osx-arm64/gmp-6.3.0-h7bae524_2.conda
      - conda: https://conda.anaconda.org/conda-forge/osx-arm64/icu-75.1-hfee45f7_0.conda
      - conda: https://conda.anaconda.org/conda-forge/osx-arm64/isl-0.26-imath32_h347afa1_101.conda
      - conda: https://conda.anaconda.org/conda-forge/osx-arm64/ld64-951.9-h4c6efb1_4.conda
      - conda: https://conda.anaconda.org/conda-forge/osx-arm64/ld64_osx-arm64-951.9-hb6b49e2_4.conda
      - conda: https://conda.anaconda.org/conda-forge/osx-arm64/libasprintf-0.23.1-h493aca8_0.conda
      - conda: https://conda.anaconda.org/conda-forge/osx-arm64/libasprintf-devel-0.23.1-h493aca8_0.conda
      - conda: https://conda.anaconda.org/conda-forge/osx-arm64/libclang-cpp18.1-18.1.8-default_hf90f093_8.conda
      - conda: https://conda.anaconda.org/conda-forge/osx-arm64/libcxx-20.1.1-ha82da77_0.conda
      - conda: https://conda.anaconda.org/conda-forge/osx-arm64/libcxx-devel-18.1.8-h6dc3340_8.conda
      - conda: https://conda.anaconda.org/conda-forge/osx-arm64/libexpat-2.7.0-h286801f_0.conda
      - conda: https://conda.anaconda.org/conda-forge/osx-arm64/libffi-3.4.6-h1da3d7d_1.conda
      - conda: https://conda.anaconda.org/conda-forge/osx-arm64/libgettextpo-0.23.1-h493aca8_0.conda
      - conda: https://conda.anaconda.org/conda-forge/osx-arm64/libgettextpo-devel-0.23.1-h493aca8_0.conda
      - conda: https://conda.anaconda.org/conda-forge/osx-arm64/libgfortran-5.0.0-14_2_0_h6c33f7e_1.conda
      - conda: https://conda.anaconda.org/conda-forge/noarch/libgfortran-devel_osx-arm64-13.3.0-h5020ebb_1.conda
      - conda: https://conda.anaconda.org/conda-forge/osx-arm64/libgfortran5-14.2.0-h6c33f7e_1.conda
      - conda: https://conda.anaconda.org/conda-forge/osx-arm64/libiconv-1.18-hfe07756_1.conda
      - conda: https://conda.anaconda.org/conda-forge/osx-arm64/libintl-0.23.1-h493aca8_0.conda
      - conda: https://conda.anaconda.org/conda-forge/osx-arm64/libintl-devel-0.23.1-h493aca8_0.conda
      - conda: https://conda.anaconda.org/conda-forge/osx-arm64/libllvm18-18.1.8-hc4b4ae8_3.conda
      - conda: https://conda.anaconda.org/conda-forge/osx-arm64/liblzma-5.6.4-h39f12f2_0.conda
      - conda: https://conda.anaconda.org/conda-forge/osx-arm64/libmpdec-4.0.0-h99b78c6_0.conda
      - conda: https://conda.anaconda.org/conda-forge/osx-arm64/libsqlite-3.49.1-h3f77e49_2.conda
      - conda: https://conda.anaconda.org/conda-forge/osx-arm64/libxml2-2.13.7-h178c5d8_0.conda
      - conda: https://conda.anaconda.org/conda-forge/osx-arm64/libzlib-1.3.1-h8359307_2.conda
      - conda: https://conda.anaconda.org/conda-forge/osx-arm64/llvm-openmp-20.1.1-hdb05f8b_1.conda
      - conda: https://conda.anaconda.org/conda-forge/osx-arm64/llvm-tools-18-18.1.8-hc4b4ae8_3.conda
      - conda: https://conda.anaconda.org/conda-forge/osx-arm64/llvm-tools-18.1.8-hc4b4ae8_3.conda
      - conda: https://conda.anaconda.org/conda-forge/osx-arm64/mpc-1.3.1-h8f1351a_1.conda
      - conda: https://conda.anaconda.org/conda-forge/osx-arm64/mpfr-4.2.1-hb693164_3.conda
      - conda: https://conda.anaconda.org/conda-forge/osx-arm64/ncurses-6.5-h5e97a16_3.conda
      - conda: https://conda.anaconda.org/conda-forge/osx-arm64/openssl-3.4.1-h81ee809_0.conda
      - conda: https://conda.anaconda.org/conda-forge/osx-arm64/python-3.13.2-h81fe080_101_cp313.conda
      - conda: https://conda.anaconda.org/conda-forge/osx-arm64/python_abi-3.13-5_cp313.conda
      - conda: https://conda.anaconda.org/conda-forge/osx-arm64/readline-8.2-h1d1bf99_2.conda
      - conda: https://conda.anaconda.org/conda-forge/osx-arm64/ruby-3.4.2-he7d92ad_0.conda
      - conda: https://conda.anaconda.org/conda-forge/osx-arm64/sigtool-0.1.3-h44b9a77_0.tar.bz2
      - conda: https://conda.anaconda.org/conda-forge/osx-arm64/tapi-1300.6.5-h03f4b80_0.conda
      - conda: https://conda.anaconda.org/conda-forge/osx-arm64/tk-8.6.13-h5083fa2_1.conda
      - conda: https://conda.anaconda.org/conda-forge/noarch/tzdata-2025b-h78e105d_0.conda
      - conda: https://conda.anaconda.org/conda-forge/osx-arm64/yaml-0.2.5-h3422bc3_2.tar.bz2
      - conda: https://conda.anaconda.org/conda-forge/osx-arm64/zlib-1.3.1-h8359307_2.conda
      - conda: https://conda.anaconda.org/conda-forge/osx-arm64/zstd-1.5.7-h6491c7d_2.conda
packages:
- conda: https://conda.anaconda.org/conda-forge/osx-arm64/bzip2-1.0.8-h99b78c6_7.conda
  sha256: adfa71f158cbd872a36394c56c3568e6034aa55c623634b37a4836bd036e6b91
  md5: fc6948412dbbbe9a4c9ddbbcfe0a79ab
  depends:
  - __osx >=11.0
  arch: arm64
  platform: osx
  license: bzip2-1.0.6
  license_family: BSD
  size: 122909
  timestamp: 1720974522888
- conda: https://conda.anaconda.org/conda-forge/osx-arm64/c-compiler-1.9.0-hdf49b6b_0.conda
  sha256: c9d0082bd4a122a7cace693d45d58b28ce0d0dc1ca9c91510fd4b388e39e8f72
  md5: c3f1477cd460f2d20f453dc3597c917c
  depends:
  - cctools >=949.0.1
  - clang_osx-arm64 18.*
  - ld64 >=530
  - llvm-openmp
  license: BSD-3-Clause
  license_family: BSD
  size: 6244
  timestamp: 1736437056672
- conda: https://conda.anaconda.org/conda-forge/osx-arm64/ca-certificates-2025.1.31-hf0a4a13_0.conda
  sha256: 7e12816618173fe70f5c638b72adf4bfd4ddabf27794369bb17871c5bb75b9f9
  md5: 3569d6a9141adc64d2fe4797f3289e06
  arch: arm64
  platform: osx
  license: ISC
  size: 158425
  timestamp: 1738298167688
- conda: https://conda.anaconda.org/conda-forge/osx-arm64/cctools-1010.6-hb4fb6a3_4.conda
  sha256: 02f7ab57ddf0bfe291dac3a3e59ab7c65a3ae0a3a086440a7e2666b0e862b922
  md5: 2fecdd2278ff651073e9373f32151e41
  depends:
  - cctools_osx-arm64 1010.6 h3b4f5d3_4
  - ld64 951.9 h4c6efb1_4
  - libllvm18 >=18.1.8,<18.2.0a0
  license: APSL-2.0
  license_family: Other
  size: 21539
  timestamp: 1742512631773
- conda: https://conda.anaconda.org/conda-forge/osx-arm64/cctools_osx-arm64-1010.6-h3b4f5d3_4.conda
  sha256: e223912a174344cddfe7ea8a598d091b18e5defbc63c2037c3e42165654b09dc
  md5: 57ce83eec79eff26016ae3e1af07e431
  depends:
  - __osx >=11.0
  - ld64_osx-arm64 >=951.9,<951.10.0a0
  - libcxx
  - libllvm18 >=18.1.8,<18.2.0a0
  - libzlib >=1.3.1,<2.0a0
  - llvm-tools 18.1.*
  - sigtool
  constrains:
  - clang 18.1.*
  - cctools 1010.6.*
  - ld64 951.9.*
  license: APSL-2.0
  license_family: Other
  size: 1104264
  timestamp: 1742512583707
- conda: https://conda.anaconda.org/conda-forge/osx-arm64/clang-18.1.8-default_h474c9e2_8.conda
  sha256: 42965afb7a7a2af44b164d079b256127a9d9580e756cce08f8a00836d1e82952
  md5: 2c01e8675aa80bf6a25494b76005ffdc
  depends:
  - clang-18 18.1.8 default_hf90f093_8
  license: Apache-2.0 WITH LLVM-exception
  license_family: Apache
  size: 76217
  timestamp: 1742266196177
- conda: https://conda.anaconda.org/conda-forge/osx-arm64/clang-18-18.1.8-default_hf90f093_8.conda
  sha256: 984da230a6197273060fcdb4c97e7d2430f8393547a478ac4e8b32d33a64c89c
  md5: 8d92b636afa379ae7845575d87ae1ad0
  depends:
  - __osx >=11.0
  - libclang-cpp18.1 18.1.8 default_hf90f093_8
  - libcxx >=18.1.8
  - libllvm18 >=18.1.8,<18.2.0a0
  license: Apache-2.0 WITH LLVM-exception
  license_family: Apache
  size: 811547
  timestamp: 1742266095150
- conda: https://conda.anaconda.org/conda-forge/osx-arm64/clang_impl_osx-arm64-18.1.8-h2ae9ea5_24.conda
  sha256: a4c7e5be890ef35f88ee982ff400286a3e1f2d244fd32ca3e99b323ed3a8e161
  md5: 731d426a8f1944b0bd6067cddb226b2d
  depends:
  - cctools_osx-arm64
  - clang 18.1.8.*
  - compiler-rt 18.1.8.*
  - ld64_osx-arm64
  - llvm-tools 18.1.8.*
  license: BSD-3-Clause
  license_family: BSD
  size: 18421
  timestamp: 1742540369820
- conda: https://conda.anaconda.org/conda-forge/osx-arm64/clang_osx-arm64-18.1.8-h07b0088_24.conda
  sha256: d5faf5ad36c506a1b2e2834531bc217ee8831a59238a7afde724a66fbabb6d9c
  md5: de649d74cfd4b57b40668fbeb25441be
  depends:
  - clang_impl_osx-arm64 18.1.8 h2ae9ea5_24
  license: BSD-3-Clause
  license_family: BSD
  size: 21584
  timestamp: 1742540373638
- conda: https://conda.anaconda.org/conda-forge/osx-arm64/clangxx-18.1.8-default_h1ffe849_8.conda
  sha256: c002e7ff1511a0278c693fb05d8c6f729fda4e76b65faef91bb6721b93b24d4b
  md5: 6f88136be9a2b5e5e6e7bb69c35d8180
  depends:
  - clang 18.1.8 default_h474c9e2_8
  - libcxx-devel 18.1.8.*
  license: Apache-2.0 WITH LLVM-exception
  license_family: Apache
  size: 76359
  timestamp: 1742266208123
- conda: https://conda.anaconda.org/conda-forge/osx-arm64/clangxx_impl_osx-arm64-18.1.8-h555f467_24.conda
  sha256: e773469d2a6299307ccf1104cfc082745e14833385d98392c927bdaa4c355bc0
  md5: 32e1d91f44681b97571ee2a6ef5fbdea
  depends:
  - clang_osx-arm64 18.1.8 h07b0088_24
  - clangxx 18.1.8.*
  - libcxx >=18
  - libllvm18 >=18.1.8,<18.2.0a0
  license: BSD-3-Clause
  license_family: BSD
  size: 18451
  timestamp: 1742540405771
- conda: https://conda.anaconda.org/conda-forge/osx-arm64/clangxx_osx-arm64-18.1.8-h07b0088_24.conda
  sha256: 39566229d6a47513b73dfc7c888176a6706d45533f84dbaf2042f91af6f1b4f8
  md5: b9b3c5e969fa6a46598d5f70fd293c8d
  depends:
  - clang_osx-arm64 18.1.8 h07b0088_24
  - clangxx_impl_osx-arm64 18.1.8 h555f467_24
  license: BSD-3-Clause
  license_family: BSD
  size: 19975
  timestamp: 1742540410050
- conda: https://conda.anaconda.org/conda-forge/osx-arm64/compiler-rt-18.1.8-h856b3c1_1.conda
  sha256: 41e47093d3a03f0f81f26f66e5652a5b5c58589eafe59fbf67e8d60a3b30cdf7
  md5: 1f40b72021aa770bb56ffefe298f02a7
  depends:
  - __osx >=11.0
  - clang 18.1.8.*
  - clangxx 18.1.8.*
  - compiler-rt_osx-arm64 18.1.8.*
  license: Apache-2.0 WITH LLVM-exception
  license_family: APACHE
  size: 95451
  timestamp: 1725258159749
- conda: https://conda.anaconda.org/conda-forge/noarch/compiler-rt_osx-arm64-18.1.8-h832e737_1.conda
  sha256: 97cc5d6a54dd159ddd2789a68245c6651915071b79f674e83dbc660f3ed760a9
  md5: f158d25465221c90668482b69737fee6
  depends:
  - clang 18.1.8.*
  - clangxx 18.1.8.*
  constrains:
  - compiler-rt 18.1.8
  license: Apache-2.0 WITH LLVM-exception
  license_family: APACHE
  size: 10583287
  timestamp: 1725258124186
- conda: https://conda.anaconda.org/conda-forge/osx-arm64/compilers-1.9.0-hce30654_0.conda
  sha256: 12bcd4675016ba1379384fdf18d689103b86ca79577b6dd8ecfbb7ef43d98f6b
  md5: 76405bf98c08d34a4846cdd0a36e9db1
  depends:
  - c-compiler 1.9.0 hdf49b6b_0
  - cxx-compiler 1.9.0 hba80287_0
  - fortran-compiler 1.9.0 h5692697_0
  license: BSD-3-Clause
  license_family: BSD
  size: 7102
  timestamp: 1736437059723
- conda: https://conda.anaconda.org/conda-forge/osx-arm64/cxx-compiler-1.9.0-hba80287_0.conda
  sha256: 061ff0c3e1bf36ca6c3a4c28eea4be31523a243e7d1c60ccdb8fa9860d11fbef
  md5: 06ef26aae7b667bcfda0017a7b710a0b
  depends:
  - c-compiler 1.9.0 hdf49b6b_0
  - clangxx_osx-arm64 18.*
  license: BSD-3-Clause
  license_family: BSD
  size: 6252
  timestamp: 1736437058872
- conda: https://conda.anaconda.org/conda-forge/osx-arm64/fortran-compiler-1.9.0-h5692697_0.conda
  sha256: ec5d4ee4ec47259b9bdf22930e4954b1c79f05dcc6e1ad78f3fbb5fd759f4a9f
  md5: 999114549b604ea55cdfd71f9dc9915f
  depends:
  - cctools >=949.0.1
  - gfortran
  - gfortran_osx-arm64 13.*
  - ld64 >=530
  - llvm-openmp
  license: BSD-3-Clause
  license_family: BSD
  size: 6264
  timestamp: 1736437057610
- conda: https://conda.anaconda.org/conda-forge/osx-arm64/gettext-0.23.1-h3dcc1bd_0.conda
  sha256: 9311cd9e64f0ae3bccae58b5b68a4804abd8b3c49f4f327b9573b50b026b317e
  md5: 123c4d62e1bcba6274511af8c7cf40d5
  depends:
  - __osx >=11.0
  - gettext-tools 0.23.1 h493aca8_0
  - libasprintf 0.23.1 h493aca8_0
  - libasprintf-devel 0.23.1 h493aca8_0
  - libcxx >=18
  - libgettextpo 0.23.1 h493aca8_0
  - libgettextpo-devel 0.23.1 h493aca8_0
  - libiconv >=1.17,<2.0a0
  - libintl 0.23.1 h493aca8_0
  - libintl-devel 0.23.1 h493aca8_0
  license: LGPL-2.1-or-later AND GPL-3.0-or-later
  size: 484476
  timestamp: 1739039461682
- conda: https://conda.anaconda.org/conda-forge/osx-arm64/gettext-tools-0.23.1-h493aca8_0.conda
  sha256: c26b38bcff84b3af52f061f55de27a45fb2e9a0544c32b3cbddf8be97c80c296
  md5: 4086817e75778198f96c9b2ed4bc5a6e
  depends:
  - __osx >=11.0
  - libiconv >=1.17,<2.0a0
  - libintl 0.23.1 h493aca8_0
  license: GPL-3.0-or-later
  license_family: GPL
  size: 2890553
  timestamp: 1739039406578
- conda: https://conda.anaconda.org/conda-forge/osx-arm64/gfortran-13.3.0-h3ef1dbf_1.conda
  sha256: 2a575b69b127f13efe8e1306bb25d5a03b945eaa12c01334a15e49e7e90b92e3
  md5: fa634965eafb7e70b443f99543755164
  depends:
  - cctools
  - gfortran_osx-arm64 13.3.0
  - ld64
  license: GPL-3.0-or-later WITH GCC-exception-3.1
  license_family: GPL
  size: 32295
  timestamp: 1742561783646
- conda: https://conda.anaconda.org/conda-forge/osx-arm64/gfortran_impl_osx-arm64-13.3.0-h0045e9c_1.conda
  sha256: 5dcb2d6eded4c9cbbfe4557aba7be93a52258707216bdc6d006028d012a96de7
  md5: 6bc5d98f8286e43ac334c800b0518462
  depends:
  - __osx >=11.0
  - gmp >=6.3.0,<7.0a0
  - isl 0.26.*
  - libcxx >=17
  - libgfortran-devel_osx-arm64 13.3.0.*
  - libgfortran5 >=13.3.0
  - libiconv >=1.18,<2.0a0
  - libzlib >=1.3.1,<2.0a0
  - mpc >=1.3.1,<2.0a0
  - mpfr >=4.2.1,<5.0a0
  - zlib
  license: GPL-3.0-only WITH GCC-exception-3.1
  license_family: GPL
  size: 19142798
  timestamp: 1742435209934
- conda: https://conda.anaconda.org/conda-forge/osx-arm64/gfortran_osx-arm64-13.3.0-h3c33bd0_1.conda
  sha256: 216063ac9e12888a76b7fc6f1d96b1625185391bc7900e0cecb434ef96583917
  md5: e9be7ea695e31496f0cabf85998c1bbc
  depends:
  - cctools_osx-arm64
  - clang
  - clang_osx-arm64
  - gfortran_impl_osx-arm64 13.3.0
  - ld64_osx-arm64
  - libgfortran 5.*
  - libgfortran-devel_osx-arm64 13.3.0
  - libgfortran5 >=13.3.0
  license: GPL-3.0-or-later WITH GCC-exception-3.1
  license_family: GPL
  size: 35872
  timestamp: 1742561757708
- conda: https://conda.anaconda.org/conda-forge/osx-arm64/gmp-6.3.0-h7bae524_2.conda
  sha256: 76e222e072d61c840f64a44e0580c2503562b009090f55aa45053bf1ccb385dd
  md5: eed7278dfbab727b56f2c0b64330814b
  depends:
  - __osx >=11.0
  - libcxx >=16
  license: GPL-2.0-or-later OR LGPL-3.0-or-later
  size: 365188
  timestamp: 1718981343258
- conda: https://conda.anaconda.org/conda-forge/osx-arm64/icu-75.1-hfee45f7_0.conda
  sha256: 9ba12c93406f3df5ab0a43db8a4b4ef67a5871dfd401010fbe29b218b2cbe620
  md5: 5eb22c1d7b3fc4abb50d92d621583137
  depends:
  - __osx >=11.0
  license: MIT
  license_family: MIT
  size: 11857802
  timestamp: 1720853997952
- conda: https://conda.anaconda.org/conda-forge/osx-arm64/isl-0.26-imath32_h347afa1_101.conda
  sha256: fc9272371750c56908b8e535755b1e23cf7803a2cc4a7d9ae539347baa14f740
  md5: e80e44a3f4862b1da870dc0557f8cf3b
  depends:
  - libcxx >=14.0.6
  track_features:
  - isl_imath-32
  license: MIT
  license_family: MIT
  size: 819937
  timestamp: 1680649567633
- conda: https://conda.anaconda.org/conda-forge/osx-arm64/ld64-951.9-h4c6efb1_4.conda
  sha256: 4806f1356117fe4a6c0c9927587cd456ee9a891bb943e300b03aff9f17ad3a5c
  md5: de921c0941f051f3b019d46a0c83fdda
  depends:
  - ld64_osx-arm64 951.9 hb6b49e2_4
  - libllvm18 >=18.1.8,<18.2.0a0
  constrains:
  - cctools 1010.6.*
  - cctools_osx-arm64 1010.6.*
  license: APSL-2.0
  license_family: Other
  size: 18894
  timestamp: 1742512610229
- conda: https://conda.anaconda.org/conda-forge/osx-arm64/ld64_osx-arm64-951.9-hb6b49e2_4.conda
  sha256: 0376873d88573688168b5b7618391dd68fa0b309ddce7fa77c5f9037ada7cf66
  md5: d01a78a16542f235dd755ca66772795e
  depends:
  - __osx >=11.0
  - libcxx
  - libllvm18 >=18.1.8,<18.2.0a0
  - sigtool
  - tapi >=1300.6.5,<1301.0a0
  constrains:
  - ld 951.9.*
  - clang >=18.1.8,<19.0a0
  - cctools 1010.6.*
  - cctools_osx-arm64 1010.6.*
  license: APSL-2.0
  license_family: Other
  size: 1019138
  timestamp: 1742512519169
- conda: https://conda.anaconda.org/conda-forge/osx-arm64/libasprintf-0.23.1-h493aca8_0.conda
  sha256: 2b27d2ede7867fd362f94644aac1d7fb9af7f7fc3f122cb014647b47ffd402a4
  md5: baf9e4423f10a15ca7eab26480007639
  depends:
  - __osx >=11.0
  - libcxx >=18
  license: LGPL-2.1-or-later
  size: 41679
  timestamp: 1739039255705
- conda: https://conda.anaconda.org/conda-forge/osx-arm64/libasprintf-devel-0.23.1-h493aca8_0.conda
  sha256: 25999d3c78270440e7e9e06c2e6f4a2e1ac11d2df84ac7b24280c6f530eed06f
  md5: 13d4d79418eb3137fc94fe61e9e572e7
  depends:
  - __osx >=11.0
  - libasprintf 0.23.1 h493aca8_0
  license: LGPL-2.1-or-later
  size: 34641
  timestamp: 1739039285881
- conda: https://conda.anaconda.org/conda-forge/osx-arm64/libclang-cpp18.1-18.1.8-default_hf90f093_8.conda
  sha256: b736c4c3a32d4aa16b4af7b2094b4f3786ea34723cccb9918579206706000f90
  md5: a5f883cd77dcc0f62a0eca8445d9e147
  depends:
  - __osx >=11.0
  - libcxx >=18.1.8
  - libllvm18 >=18.1.8,<18.2.0a0
  license: Apache-2.0 WITH LLVM-exception
  license_family: Apache
  size: 13330731
  timestamp: 1742265504673
- conda: https://conda.anaconda.org/conda-forge/osx-arm64/libcxx-20.1.1-ha82da77_0.conda
  sha256: 80dd8ae3fbcf508ed72f074ada2c7784298e822e8d19c3b84c266bb31456d77c
  md5: 833c4899914bf96caf64b52ef415e319
  depends:
  - __osx >=11.0
  license: Apache-2.0 WITH LLVM-exception
  license_family: Apache
  size: 561543
  timestamp: 1742449846779
- conda: https://conda.anaconda.org/conda-forge/osx-arm64/libcxx-devel-18.1.8-h6dc3340_8.conda
  sha256: ff83d001603476033eca155ce77f7ba614d9dc70c5811e2ce9915a3cadacb56f
  md5: fdf0850d6d1496f33e3996e377f605ed
  depends:
  - libcxx >=18.1.8
  license: Apache-2.0 WITH LLVM-exception
  license_family: Apache
  size: 794791
  timestamp: 1742451369695
- conda: https://conda.anaconda.org/conda-forge/osx-arm64/libexpat-2.7.0-h286801f_0.conda
  sha256: ee550e44765a7bbcb2a0216c063dcd53ac914a7be5386dd0554bd06e6be61840
  md5: 6934bbb74380e045741eb8637641a65b
  depends:
  - __osx >=11.0
  constrains:
  - expat 2.7.0.*
  arch: arm64
  platform: osx
  license: MIT
  license_family: MIT
  size: 65714
  timestamp: 1743431789879
- conda: https://conda.anaconda.org/conda-forge/osx-arm64/libffi-3.4.6-h1da3d7d_1.conda
  sha256: c6a530924a9b14e193ea9adfe92843de2a806d1b7dbfd341546ece9653129e60
  md5: c215a60c2935b517dcda8cad4705734d
  depends:
  - __osx >=11.0
  arch: arm64
  platform: osx
  license: MIT
  license_family: MIT
  size: 39839
  timestamp: 1743434670405
- conda: https://conda.anaconda.org/conda-forge/osx-arm64/libgettextpo-0.23.1-h493aca8_0.conda
  sha256: 4dbd3f698d027330033f06778567eda5b985e2348ca92900083654a114ddd051
  md5: 18ad77def4cb7326692033eded9c815d
  depends:
  - __osx >=11.0
  - libiconv >=1.17,<2.0a0
  - libintl 0.23.1 h493aca8_0
  license: GPL-3.0-or-later
  license_family: GPL
  size: 166929
  timestamp: 1739039303132
- conda: https://conda.anaconda.org/conda-forge/osx-arm64/libgettextpo-devel-0.23.1-h493aca8_0.conda
  sha256: 6031e57ba3c03ca34422b847b98fb70e697a5c10556c8d7b30410a96754c25d8
  md5: e6f75805f4b533d449a5a6d60cbc9a71
  depends:
  - __osx >=11.0
  - libgettextpo 0.23.1 h493aca8_0
  - libiconv >=1.17,<2.0a0
  - libintl 0.23.1 h493aca8_0
  license: GPL-3.0-or-later
  license_family: GPL
  size: 37264
  timestamp: 1739039332924
- conda: https://conda.anaconda.org/conda-forge/osx-arm64/libgfortran-5.0.0-14_2_0_h6c33f7e_1.conda
  sha256: 00adc502de159fef380cc16150ec328309910e241b4a465500f2084e6c9646dd
  md5: d0e8a9e0efd41b9821833d5bbfd7e653
  depends:
  - libgfortran5 14.2.0 h6c33f7e_1
  license: GPL-3.0-only WITH GCC-exception-3.1
  license_family: GPL
  size: 156084
  timestamp: 1742435107459
- conda: https://conda.anaconda.org/conda-forge/noarch/libgfortran-devel_osx-arm64-13.3.0-h5020ebb_1.conda
  sha256: 47f464eea9dfc56afedef9f0344a678ec2036149ec707a58d4b87994a44f7cd4
  md5: ced1860b276c316193be0ab67d100fb3
  license: GPL-3.0-only WITH GCC-exception-3.1
  license_family: GPL
  size: 1963220
  timestamp: 1742434660495
- conda: https://conda.anaconda.org/conda-forge/osx-arm64/libgfortran5-14.2.0-h6c33f7e_1.conda
  sha256: a578ecffb79d81eb67bbdeac7bcddbfea5908393d51b0c4a9a461e73a3524274
  md5: fa7750a7197063eed8fdf8e74e148d03
  depends:
  - llvm-openmp >=8.0.0
  constrains:
  - libgfortran 5.0.0 14_2_0_*_1
  license: GPL-3.0-only WITH GCC-exception-3.1
  license_family: GPL
  size: 806707
  timestamp: 1742434439767
- conda: https://conda.anaconda.org/conda-forge/osx-arm64/libiconv-1.18-hfe07756_1.conda
  sha256: d30780d24bf3a30b4f116fca74dedb4199b34d500fe6c52cced5f8cc1e926f03
  md5: 450e6bdc0c7d986acf7b8443dce87111
  depends:
  - __osx >=11.0
  license: LGPL-2.1-only
  size: 681804
  timestamp: 1740128227484
- conda: https://conda.anaconda.org/conda-forge/osx-arm64/libintl-0.23.1-h493aca8_0.conda
  sha256: 30d2a8a37070615a61777ce9317968b54c2197d04e9c6c2eea6cdb46e47f94dc
  md5: 7b8faf3b5fc52744bda99c4cd1d6438d
  depends:
  - __osx >=11.0
  - libiconv >=1.17,<2.0a0
  license: LGPL-2.1-or-later
  size: 78921
  timestamp: 1739039271409
- conda: https://conda.anaconda.org/conda-forge/osx-arm64/libintl-devel-0.23.1-h493aca8_0.conda
  sha256: 5db07fa57b8cb916784353aa035fbf32aa7ee2905e38a8e70b168160372833f0
  md5: f9c6d5edc5951ef4010be8cbde9f12d4
  depends:
  - __osx >=11.0
  - libiconv >=1.17,<2.0a0
  - libintl 0.23.1 h493aca8_0
  license: LGPL-2.1-or-later
  size: 39774
  timestamp: 1739039317742
- conda: https://conda.anaconda.org/conda-forge/osx-arm64/libllvm18-18.1.8-hc4b4ae8_3.conda
  sha256: eaf337e7323555705ef8fad64778de506828d3b6deab2493170c6fe8ad4b7a76
  md5: 202596038a5dc079ef688bd7e17ffec1
  depends:
  - __osx >=11.0
  - libcxx >=18
  - libxml2 >=2.13.5,<3.0a0
  - libzlib >=1.3.1,<2.0a0
  - zstd >=1.5.6,<1.6.0a0
  license: Apache-2.0 WITH LLVM-exception
  license_family: Apache
  size: 25986548
  timestamp: 1737837114740
- conda: https://conda.anaconda.org/conda-forge/osx-arm64/liblzma-5.6.4-h39f12f2_0.conda
  sha256: 560c59d3834cc652a84fb45531bd335ad06e271b34ebc216e380a89798fe8e2c
  md5: e3fd1f8320a100f2b210e690a57cd615
  depends:
  - __osx >=11.0
  arch: arm64
  platform: osx
  license: 0BSD
  size: 98945
  timestamp: 1738525462560
- conda: https://conda.anaconda.org/conda-forge/osx-arm64/libmpdec-4.0.0-h99b78c6_0.conda
  sha256: f7917de9117d3a5fe12a39e185c7ce424f8d5010a6f97b4333e8a1dcb2889d16
  md5: 7476305c35dd9acef48da8f754eedb40
  depends:
  - __osx >=11.0
  arch: arm64
  platform: osx
  license: BSD-2-Clause
  license_family: BSD
  size: 69263
  timestamp: 1723817629767
- conda: https://conda.anaconda.org/conda-forge/osx-arm64/libsqlite-3.49.1-h3f77e49_2.conda
  sha256: 907a95f73623c343fc14785cbfefcb7a6b4f2bcf9294fcb295c121611c3a590d
  md5: 3b1e330d775170ac46dff9a94c253bd0
  depends:
  - __osx >=11.0
  - libzlib >=1.3.1,<2.0a0
  arch: arm64
  platform: osx
  license: Unlicense
  size: 900188
  timestamp: 1742083865246
- conda: https://conda.anaconda.org/conda-forge/osx-arm64/libxml2-2.13.7-h178c5d8_0.conda
  sha256: d3ddc9ae8a5474f16f213ca41b3eda394e1eb1253f3ac85d3c6c99adcfb226d8
  md5: aa838a099ba09429cb80cc876b032ac4
  depends:
  - __osx >=11.0
  - icu >=75.1,<76.0a0
  - libiconv >=1.18,<2.0a0
  - liblzma >=5.6.4,<6.0a0
  - libzlib >=1.3.1,<2.0a0
  license: MIT
  license_family: MIT
  size: 582736
  timestamp: 1743091513375
- conda: https://conda.anaconda.org/conda-forge/osx-arm64/libzlib-1.3.1-h8359307_2.conda
  sha256: ce34669eadaba351cd54910743e6a2261b67009624dbc7daeeafdef93616711b
  md5: 369964e85dc26bfe78f41399b366c435
  depends:
  - __osx >=11.0
  constrains:
  - zlib 1.3.1 *_2
  arch: arm64
  platform: osx
  license: Zlib
  license_family: Other
  size: 46438
  timestamp: 1727963202283
- conda: https://conda.anaconda.org/conda-forge/osx-arm64/llvm-openmp-20.1.1-hdb05f8b_1.conda
  sha256: ae57041a588cd190cb55b602c1ed0ef3604ce28d3891515386a85693edd3c175
  md5: 97236e94c3a82367c5fe3a90557e6207
  depends:
  - __osx >=11.0
  constrains:
  - openmp 20.1.1|20.1.1.*
  license: Apache-2.0 WITH LLVM-exception
  license_family: APACHE
  size: 282105
  timestamp: 1742533199558
- conda: https://conda.anaconda.org/conda-forge/osx-arm64/llvm-tools-18.1.8-hc4b4ae8_3.conda
  sha256: 3bdd318088fbd425d933f40f149700793094348b47326faa70694fc5cfbffc0e
  md5: 6ede59b3835d443abdeace7cad57c8c4
  depends:
  - __osx >=11.0
  - libllvm18 18.1.8 hc4b4ae8_3
  - libxml2 >=2.13.5,<3.0a0
  - libzlib >=1.3.1,<2.0a0
  - llvm-tools-18 18.1.8 hc4b4ae8_3
  - zstd >=1.5.6,<1.6.0a0
  constrains:
  - clang-tools 18.1.8
  - llvmdev     18.1.8
  - llvm        18.1.8
  - clang       18.1.8
  license: Apache-2.0 WITH LLVM-exception
  license_family: Apache
  size: 88046
  timestamp: 1737837646765
- conda: https://conda.anaconda.org/conda-forge/osx-arm64/llvm-tools-18-18.1.8-hc4b4ae8_3.conda
  sha256: dae19f3596a8e0edadbf6c3037c8c5d9039d1a9ab57f384108580ec8fb89b06f
  md5: 40b505161818b48957269998b4b41114
  depends:
  - __osx >=11.0
  - libllvm18 18.1.8 hc4b4ae8_3
  - libxml2 >=2.13.5,<3.0a0
  - libzlib >=1.3.1,<2.0a0
  - zstd >=1.5.6,<1.6.0a0
  license: Apache-2.0 WITH LLVM-exception
  license_family: Apache
  size: 23610271
  timestamp: 1737837584505
- conda: https://conda.anaconda.org/conda-forge/osx-arm64/mpc-1.3.1-h8f1351a_1.conda
  sha256: 2700899ad03302a1751dbf2bca135407e470dd83ac897ab91dd8675d4300f158
  md5: a5635df796b71f6ca400fc7026f50701
  depends:
  - __osx >=11.0
  - gmp >=6.3.0,<7.0a0
  - mpfr >=4.2.1,<5.0a0
  license: LGPL-3.0-or-later
  license_family: LGPL
  size: 104766
  timestamp: 1725629165420
- conda: https://conda.anaconda.org/conda-forge/osx-arm64/mpfr-4.2.1-hb693164_3.conda
  sha256: 4463e4e2aba7668e37a1b8532859191b4477a6f3602a5d6b4d64ad4c4baaeac5
  md5: 4e4ea852d54cc2b869842de5044662fb
  depends:
  - __osx >=11.0
  - gmp >=6.3.0,<7.0a0
  license: LGPL-3.0-only
  license_family: LGPL
  size: 345517
  timestamp: 1725746730583
- conda: https://conda.anaconda.org/conda-forge/osx-arm64/ncurses-6.5-h5e97a16_3.conda
  sha256: 2827ada40e8d9ca69a153a45f7fd14f32b2ead7045d3bbb5d10964898fe65733
  md5: 068d497125e4bf8a66bf707254fff5ae
  depends:
  - __osx >=11.0
  arch: arm64
  platform: osx
  license: X11 AND BSD-3-Clause
  size: 797030
  timestamp: 1738196177597
- conda: https://conda.anaconda.org/conda-forge/osx-arm64/openssl-3.4.1-h81ee809_0.conda
  sha256: 4f8e2389e1b711b44182a075516d02c80fa7a3a7e25a71ff1b5ace9eae57a17a
  md5: 75f9f0c7b1740017e2db83a53ab9a28e
  depends:
  - __osx >=11.0
  - ca-certificates
  arch: arm64
  platform: osx
  license: Apache-2.0
  license_family: Apache
  size: 2934522
  timestamp: 1739301896733
- conda: https://conda.anaconda.org/conda-forge/osx-arm64/python-3.13.2-h81fe080_101_cp313.conda
  build_number: 101
  sha256: 6239a14c39a9902d6b617d57efe3eefbab23cf30cdc67122fdab81d04da193cd
  md5: 71a76067a1cac1a2f03b43a08646a63e
  depends:
  - __osx >=11.0
  - bzip2 >=1.0.8,<2.0a0
  - libexpat >=2.6.4,<3.0a0
  - libffi >=3.4,<4.0a0
  - liblzma >=5.6.4,<6.0a0
  - libmpdec >=4.0.0,<5.0a0
  - libsqlite >=3.48.0,<4.0a0
  - libzlib >=1.3.1,<2.0a0
  - ncurses >=6.5,<7.0a0
  - openssl >=3.4.1,<4.0a0
  - python_abi 3.13.* *_cp313
  - readline >=8.2,<9.0a0
  - tk >=8.6.13,<8.7.0a0
  - tzdata
  arch: arm64
  platform: osx
  license: Python-2.0
  size: 11682568
  timestamp: 1739801342527
  python_site_packages_path: lib/python3.13/site-packages
- conda: https://conda.anaconda.org/conda-forge/osx-arm64/python_abi-3.13-5_cp313.conda
  build_number: 5
  sha256: 4437198eae80310f40b23ae2f8a9e0a7e5c2b9ae411a8621eb03d87273666199
  md5: b8e82d0a5c1664638f87f63cc5d241fb
  constrains:
  - python 3.13.* *_cp313
  arch: arm64
  platform: osx
  license: BSD-3-Clause
  license_family: BSD
  size: 6322
  timestamp: 1723823058879
- conda: https://conda.anaconda.org/conda-forge/osx-arm64/readline-8.2-h1d1bf99_2.conda
  sha256: 7db04684d3904f6151eff8673270922d31da1eea7fa73254d01c437f49702e34
  md5: 63ef3f6e6d6d5c589e64f11263dc5676
  depends:
  - ncurses >=6.5,<7.0a0
  arch: arm64
  platform: osx
  license: GPL-3.0-only
  license_family: GPL
  size: 252359
  timestamp: 1740379663071
- conda: https://conda.anaconda.org/conda-forge/osx-arm64/ruby-3.4.2-he7d92ad_0.conda
  sha256: f29378b2a98124e77dd0cc95d68f40dde343ad34e7693c76198db5189496fab9
  md5: 8441686c0e77cf0ecd70982e83bc97d7
  depends:
  - __osx >=11.0
  - gettext
  - gmp >=6.3.0,<7.0a0
  - libasprintf >=0.23.1,<1.0a0
  - libffi >=3.4,<4.0a0
  - libgettextpo >=0.23.1,<1.0a0
  - libintl >=0.23.1,<1.0a0
  - libzlib >=1.3.1,<2.0a0
  - ncurses >=6.5,<7.0a0
  - openssl >=3.4.1,<4.0a0
  - readline >=8.2,<9.0a0
  - yaml >=0.2.5,<0.3.0a0
  constrains:
  - __osx >=11.0
  track_features:
  - rb34
  license: BSD-2-Clause
  license_family: BSD
  size: 11971757
  timestamp: 1739871825918
- conda: https://conda.anaconda.org/conda-forge/osx-arm64/sigtool-0.1.3-h44b9a77_0.tar.bz2
  sha256: 70791ae00a3756830cb50451db55f63e2a42a2fa2a8f1bab1ebd36bbb7d55bff
  md5: 4a2cac04f86a4540b8c9b8d8f597848f
  depends:
  - openssl >=3.0.0,<4.0a0
  license: MIT
  license_family: MIT
  size: 210264
  timestamp: 1643442231687
- conda: https://conda.anaconda.org/conda-forge/osx-arm64/tapi-1300.6.5-h03f4b80_0.conda
  sha256: 37cd4f62ec023df8a6c6f9f6ffddde3d6620a83cbcab170a8fff31ef944402e5
  md5: b703bc3e6cba5943acf0e5f987b5d0e2
  depends:
  - __osx >=11.0
  - libcxx >=17.0.0.a0
  - ncurses >=6.5,<7.0a0
  license: NCSA
  license_family: MIT
  size: 207679
  timestamp: 1725491499758
- conda: https://conda.anaconda.org/conda-forge/osx-arm64/tk-8.6.13-h5083fa2_1.conda
  sha256: 72457ad031b4c048e5891f3f6cb27a53cb479db68a52d965f796910e71a403a8
  md5: b50a57ba89c32b62428b71a875291c9b
  depends:
  - libzlib >=1.2.13,<2.0.0a0
  arch: arm64
  platform: osx
  license: TCL
  license_family: BSD
  size: 3145523
  timestamp: 1699202432999
- conda: https://conda.anaconda.org/conda-forge/noarch/tzdata-2025b-h78e105d_0.conda
  sha256: 5aaa366385d716557e365f0a4e9c3fca43ba196872abbbe3d56bb610d131e192
  md5: 4222072737ccff51314b5ece9c7d6f5a
  license: LicenseRef-Public-Domain
  size: 122968
  timestamp: 1742727099393
- conda: https://conda.anaconda.org/conda-forge/osx-arm64/yaml-0.2.5-h3422bc3_2.tar.bz2
  sha256: 93181a04ba8cfecfdfb162fc958436d868cc37db504c58078eab4c1a3e57fbb7
  md5: 4bb3f014845110883a3c5ee811fd84b4
  license: MIT
  license_family: MIT
  size: 88016
  timestamp: 1641347076660
- conda: https://conda.anaconda.org/conda-forge/osx-arm64/zlib-1.3.1-h8359307_2.conda
  sha256: 58f8860756680a4831c1bf4f294e2354d187f2e999791d53b1941834c4b37430
  md5: e3170d898ca6cb48f1bb567afb92f775
  depends:
  - __osx >=11.0
  - libzlib 1.3.1 h8359307_2
  license: Zlib
  license_family: Other
  size: 77606
  timestamp: 1727963209370
- conda: https://conda.anaconda.org/conda-forge/osx-arm64/zstd-1.5.7-h6491c7d_2.conda
  sha256: 0d02046f57f7a1a3feae3e9d1aa2113788311f3cf37a3244c71e61a93177ba67
  md5: e6f69c7bcccdefa417f056fa593b40f0
  depends:
  - __osx >=11.0
  - libzlib >=1.3.1,<2.0a0
  license: BSD-3-Clause
  license_family: BSD
  size: 399979
  timestamp: 1742433432699
